#MicroXplorer Configuration settings - do not modify
CAN1.ABOM=ENABLE
CAN1.BS1=CAN_BS1_8TQ
CAN1.BS2=CAN_BS2_3TQ
CAN1.CalculateTimeBit=4000
CAN1.CalculateTimeQuantum=333.33333333333337
CAN1.IPParameters=CalculateTimeQuantum,CalculateTimeBit,BS1,BS2,ABOM,Prescaler
CAN1.Prescaler=12
CAN2.ABOM=ENABLE
CAN2.BS1=CAN_BS1_8TQ
CAN2.BS2=CAN_BS2_3TQ
CAN2.CalculateTimeBit=4000
CAN2.CalculateTimeQuantum=333.33333333333337
CAN2.IPParameters=CalculateTimeQuantum,CalculateTimeBit,BS1,BS2,Prescaler,ABOM
CAN2.Prescaler=12
File.Version=5
KeepUserPlacement=false
Mcu.Family=STM32F1
Mcu.IP0=CAN1
Mcu.IP1=CAN2
Mcu.IP2=NVIC
Mcu.IP3=RCC
Mcu.IP4=WWDG
Mcu.IPNb=5
Mcu.Name=STM32F105R(8-B-C)Tx
Mcu.Package=LQFP64
Mcu.Pin0=PD0-OSC_IN
Mcu.Pin1=PD1-OSC_OUT
Mcu.Pin10=PB6
Mcu.Pin11=PB7
Mcu.Pin12=PB8
Mcu.Pin13=PB9
Mcu.Pin14=VP_WWDG_VS_WWDG
Mcu.Pin2=PC2
Mcu.Pin3=PA2
Mcu.Pin4=PB14
Mcu.Pin5=PB15
Mcu.Pin6=PC6
Mcu.Pin7=PC7
Mcu.Pin8=PC8
Mcu.Pin9=PB5
Mcu.PinsNb=15
Mcu.UserConstants=
Mcu.UserName=STM32F105RBTx
MxCube.Version=4.11.0
MxDb.Version=DB.4.0.110
NVIC.CAN1_RX0_IRQn=true\:0\:0\:false
NVIC.CAN1_TX_IRQn=true\:0\:0\:false
NVIC.CAN2_RX0_IRQn=true\:0\:0\:false
NVIC.PriorityGroup=NVIC_PRIORITYGROUP_2
NVIC.SysTick_IRQn=true\:0\:0\:false
PA2.GPIOParameters=GPIO_PuPd,GPIO_Label
PA2.GPIO_Label=S2_IN
PA2.GPIO_PuPd=GPIO_PULLUP
PA2.Locked=true
PA2.Signal=GPIO_Input
PB14.GPIOParameters=GPIO_Label
PB14.GPIO_Label=nCAN2_STB
PB14.Locked=true
PB14.Signal=GPIO_Output
PB15.GPIOParameters=GPIO_Label
PB15.GPIO_Label=CAN2_ERR_IN
PB15.Locked=true
PB15.Signal=GPIO_Input
PB5.Locked=true
PB5.Mode=Slave
PB5.Signal=CAN2_RX
PB6.Locked=true
PB6.Mode=Slave
PB6.Signal=CAN2_TX
PB7.GPIOParameters=GPIO_Label
PB7.GPIO_Label=CAN_RS
PB7.Locked=true
PB7.Signal=GPIO_Output
PB8.Locked=true
PB8.Mode=Master
PB8.Signal=CAN1_RX
PB9.Locked=true
PB9.Mode=Master
PB9.Signal=CAN1_TX
PC2.GPIOParameters=GPIO_PuPd,GPIO_Label
PC2.GPIO_Label=HS_LS_IN
PC2.GPIO_PuPd=GPIO_PULLUP
PC2.Locked=true
PC2.Signal=GPIO_Input
PC6.GPIOParameters=GPIO_Label
PC6.GPIO_Label=LED_BLUE
PC6.Locked=true
PC6.Signal=GPIO_Output
PC7.GPIOParameters=GPIO_Label
PC7.GPIO_Label=LED_RED
PC7.Locked=true
PC7.Signal=GPIO_Output
PC8.GPIOParameters=GPIO_Label
PC8.GPIO_Label=LED_GREEN
PC8.Locked=true
PC8.Signal=GPIO_Output
PCC.Checker=false
PCC.Line=STM32F105/107
PCC.MCU=STM32F105R(8-B-C)Tx
PCC.MXVersion=4.11.0
PCC.PartNumber=STM32F105RBTx
PCC.Seq0=0
PCC.Series=STM32F1
PCC.Temperature=25
PCC.Vdd=3.3
PD0-OSC_IN.Mode=HSE-External-Oscillator
PD0-OSC_IN.Signal=RCC_OSC_IN
PD1-OSC_OUT.Mode=HSE-External-Oscillator
PD1-OSC_OUT.Signal=RCC_OSC_OUT
ProjectManager.AskForMigrate=true
ProjectManager.BackupPrevious=false
ProjectManager.CompilerOptimize=2
ProjectManager.ComputerToolchain=false
ProjectManager.CoupleFile=false
ProjectManager.DeletePrevious=true
ProjectManager.DeviceId=STM32F105RBTx
ProjectManager.FirmwarePackage=STM32Cube FW_F1 V1.2.0
ProjectManager.FreePins=false
ProjectManager.HalAssertFull=true
ProjectManager.KeepUserCode=true
ProjectManager.LastFirmware=true
ProjectManager.LibraryCopy=0
ProjectManager.ProjectBuild=false
ProjectManager.ProjectFileName=STM32-Test.ioc
ProjectManager.ProjectName=STM32-Test
ProjectManager.TargetToolchain=MDK-ARM V5
ProjectManager.ToolChainLocation=
RCC.ADCFreqValue=36000000
RCC.AHBFreq_Value=72000000
RCC.APB1CLKDivider=RCC_HCLK_DIV2
RCC.APB1Freq_Value=36000000
RCC.APB1TimFreq_Value=72000000
RCC.APB2Freq_Value=72000000
RCC.APB2TimFreq_Value=72000000
RCC.FCLKCortexFreq_Value=72000000
RCC.FamilyName=M
RCC.HCLKFreq_Value=72000000
RCC.HSIState=RCC_HSI_ON
RCC.I2S2Freq_Value=72000000
RCC.I2S3Freq_Value=72000000
RCC.IPParameters=FamilyName,PLLCLKFreq_Value,USBFreq_Value,TimSysFreq_Value,SYSCLKSource,HCLKFreq_Value,AHBFreq_Value,FCLKCortexFreq_Value,APB1TimFreq_Value,APB1Freq_Value,APB2TimFreq_Value,APB2Freq_Value,ADCFreqValue,I2S3Freq_Value,I2S2Freq_Value,MCOFreq_Value,SYSCLKFreq_VALUE,PLLMUL,PLLSourceVirtual,VCOOutput2Freq_Value,APB1CLKDivider,HSIState
RCC.MCOFreq_Value=72000000
RCC.PLLCLKFreq_Value=72000000
RCC.PLLMUL=RCC_PLL_MUL9
RCC.PLLSourceVirtual=RCC_PLLSOURCE_HSE
RCC.SYSCLKFreq_VALUE=72000000
RCC.SYSCLKSource=RCC_SYSCLKSOURCE_PLLCLK
RCC.TimSysFreq_Value=72000000
RCC.USBFreq_Value=48000000
RCC.VCOOutput2Freq_Value=8000000
VP_WWDG_VS_WWDG.Mode=WWDG_Activate
VP_WWDG_VS_WWDG.Signal=WWDG_VS_WWDG
WWDG.Counter=0x40
WWDG.IPParameters=Prescaler,Window,Counter
WWDG.Prescaler=WWDG_PRESCALER_8
WWDG.Window=0x40
board=STM32-Test
